{
    "_meta": {
        "hash": {
            "sha256": "8e7b291c918bb1575417d2731fd9a20c2331ec4fd60e0bd460963caf547b28a8"
        },
        "pipfile-spec": 6,
        "requires": {
            "python_version": "3.8"
        },
        "sources": [
            {
                "name": "pypi",
                "url": "https://mirrors.aliyun.com/pypi/simple",
                "verify_ssl": true
            }
        ]
    },
    "default": {},
    "develop": {}
}
